<Solution>
  <Folder Name="/Apps/">
    <Project Path="SpotifyArchiver.App.Blazor/SpotifyArchiver.App.Blazor.csproj" Id="1fbd35e4-d5f5-47cb-8450-baa54cfb1c70" />
    <Project Path="SpotifyArchiver.App.Console/SpotifyArchiver.App.Console.csproj" />
  </Folder>
  <Folder Name="/SpotifyArchiver.Application/">
    <Project Path="SpotifyArchiver.Application.Abstraction/SpotifyArchiver.Application.Abstraction.csproj" Id="1ee20f54-a61b-43de-8e60-a8ab9d218bb4" />
    <Project Path="SpotifyArchiver.Application.Implementation/SpotifyArchiver.Application.Implementation.csproj" Id="3712fb5f-ac6f-4046-b1ad-d926758e5176" />
  </Folder>
  <Folder Name="/SpotifyArchiver.DataAccess/">
    <Project Path="SpotifyArchiver.DataAccess.Abstraction/SpotifyArchiver.DataAccess.Abstraction.csproj" Id="605cd6ec-1ed0-4d4e-8e34-6e55d20e96e5" />
    <Project Path="SpotifyArchiver.DataAccess.Implementation/SpotifyArchiver.DataAccess.Implementation.csproj" Id="54985220-9297-48a8-8b96-3e6bd144f69c" />
  </Folder>
  <Folder Name="/SpotifyArchiver.Presentation/">
    <Project Path="SpotifyArchiver.Presentation.Console/SpotifyArchiver.Presentation.Console.csproj" Id="77f34887-b017-4b53-99d9-5f6ca045759f" />
    <Project Path="SpotifyArchiver.Presentation.Playlists/SpotifyArchiver.Presentation.Playlists.csproj" Id="0f9573da-cb15-4e90-9e8a-f98af9f1206a" />
    <Project Path="SpotifyArchiver.Presentation.Shared/SpotifyArchiver.Presentation.Shared.csproj" Id="f8da0c6b-e1e6-4403-818e-ec77a024e745" />
  </Folder>
  <Folder Name="/test/">
    <Project Path="SpotifyArchiver.Application.Test/SpotifyArchiver.Application.Test.csproj" Id="604af09b-fc46-439e-9278-54b9cae49957" />
    <Project Path="SpotifyArchiver.Architecture.Test/SpotifyArchiver.Architecture.Test.csproj" Id="5ffd1c2b-a14a-413d-b4d3-a1d4380a3ca9" />
    <Project Path="SpotifyArchiver.DataAccess.Test/SpotifyArchiver.DataAccess.Test.csproj" Id="c255b1ee-c9b3-4160-93ee-023ae31d33d4" />
    <Project Path="SpotifyArchiver.Presentation.Test/SpotifyArchiver.Presentation.Test.csproj" Id="509b2b17-adb6-42a4-9744-bb2489520c23" />
  </Folder>
</Solution>
